// !$*UTF8*$!
{
	archiveVersion = 1;
	classes = {
	};
	objectVersion = 56;
	objects = {

/* Begin PBXBuildFile section */
		176A8D6E2920DC2300651F3D /* DoubleColumnNavigationSplitProjectApp.swift in Sources */ = {isa = PBXBuildFile; fileRef = 176A8D6D2920DC2300651F3D /* DoubleColumnNavigationSplitProjectApp.swift */; };
		176A8D702920DC2300651F3D /* ContentView.swift in Sources */ = {isa = PBXBuildFile; fileRef = 176A8D6F2920DC2300651F3D /* ContentView.swift */; };
		176A8D722920DC2400651F3D /* Assets.xcassets in Resources */ = {isa = PBXBuildFile; fileRef = 176A8D712920DC2400651F3D /* Assets.xcassets */; };
		176A8D762920DC2400651F3D /* Preview Assets.xcassets in Resources */ = {isa = PBXBuildFile; fileRef = 176A8D752920DC2400651F3D /* Preview Assets.xcassets */; };
		176A8D802920DC6700651F3D /* Movie.swift in Sources */ = {isa = PBXBuildFile; fileRef = 176A8D7D2920DC6700651F3D /* Movie.swift */; };
		176A8D812920DC6700651F3D /* Song.swift in Sources */ = {isa = PBXBuildFile; fileRef = 176A8D7E2920DC6700651F3D /* Song.swift */; };
		176A8D822920DC6700651F3D /* Book.swift in Sources */ = {isa = PBXBuildFile; fileRef = 176A8D7F2920DC6700651F3D /* Book.swift */; };
		176A8D862920DCDE00651F3D /* NavigationStateManager.swift in Sources */ = {isa = PBXBuildFile; fileRef = 176A8D842920DCDE00651F3D /* NavigationStateManager.swift */; };
		176A8D872920DCDE00651F3D /* ModelDataManager.swift in Sources */ = {isa = PBXBuildFile; fileRef = 176A8D852920DCDE00651F3D /* ModelDataManager.swift */; };
		176A8D8E2920DD1C00651F3D /* BookDetailView.swift in Sources */ = {isa = PBXBuildFile; fileRef = 176A8D8A2920DD1C00651F3D /* BookDetailView.swift */; };
		176A8D8F2920DD1C00651F3D /* SongDetailView.swift in Sources */ = {isa = PBXBuildFile; fileRef = 176A8D8B2920DD1C00651F3D /* SongDetailView.swift */; };
		176A8D902920DD1C00651F3D /* SettingsView.swift in Sources */ = {isa = PBXBuildFile; fileRef = 176A8D8C2920DD1C00651F3D /* SettingsView.swift */; };
		176A8D912920DD1C00651F3D /* MovieDetailView.swift in Sources */ = {isa = PBXBuildFile; fileRef = 176A8D8D2920DD1C00651F3D /* MovieDetailView.swift */; };
		176A8D932920DD8E00651F3D /* SidebarView.swift in Sources */ = {isa = PBXBuildFile; fileRef = 176A8D922920DD8E00651F3D /* SidebarView.swift */; };
		176A8D952920E0C300651F3D /* DetailView.swift in Sources */ = {isa = PBXBuildFile; fileRef = 176A8D942920E0C300651F3D /* DetailView.swift */; };
		176A8DDC2921150B00651F3D /* macos.png in Resources */ = {isa = PBXBuildFile; fileRef = 176A8DDB2921150B00651F3D /* macos.png */; };
		176A8DDE2921153C00651F3D /* iphone.gif in Resources */ = {isa = PBXBuildFile; fileRef = 176A8DDD2921153C00651F3D /* iphone.gif */; };
		176A8DE02921158E00651F3D /* ipad.gif in Resources */ = {isa = PBXBuildFile; fileRef = 176A8DDF2921158E00651F3D /* ipad.gif */; };
/* End PBXBuildFile section */

/* Begin PBXFileReference section */
		176A8D6A2920DC2300651F3D /* DoubleColumnNavigationSplitProject.app */ = {isa = PBXFileReference; explicitFileType = wrapper.application; includeInIndex = 0; path = DoubleColumnNavigationSplitProject.app; sourceTree = BUILT_PRODUCTS_DIR; };
		176A8D6D2920DC2300651F3D /* DoubleColumnNavigationSplitProjectApp.swift */ = {isa = PBXFileReference; lastKnownFileType = sourcecode.swift; path = DoubleColumnNavigationSplitProjectApp.swift; sourceTree = "<group>"; };
		176A8D6F2920DC2300651F3D /* ContentView.swift */ = {isa = PBXFileReference; lastKnownFileType = sourcecode.swift; path = ContentView.swift; sourceTree = "<group>"; };
		176A8D712920DC2400651F3D /* Assets.xcassets */ = {isa = PBXFileReference; lastKnownFileType = folder.assetcatalog; path = Assets.xcassets; sourceTree = "<group>"; };
		176A8D732920DC2400651F3D /* DoubleColumnNavigationSplitProject.entitlements */ = {isa = PBXFileReference; lastKnownFileType = text.plist.entitlements; path = DoubleColumnNavigationSplitProject.entitlements; sourceTree = "<group>"; };
		176A8D752920DC2400651F3D /* Preview Assets.xcassets */ = {isa = PBXFileReference; lastKnownFileType = folder.assetcatalog; path = "Preview Assets.xcassets"; sourceTree = "<group>"; };
		176A8D7D2920DC6700651F3D /* Movie.swift */ = {isa = PBXFileReference; fileEncoding = 4; lastKnownFileType = sourcecode.swift; path = Movie.swift; sourceTree = "<group>"; };
		176A8D7E2920DC6700651F3D /* Song.swift */ = {isa = PBXFileReference; fileEncoding = 4; lastKnownFileType = sourcecode.swift; path = Song.swift; sourceTree = "<group>"; };
		176A8D7F2920DC6700651F3D /* Book.swift */ = {isa = PBXFileReference; fileEncoding = 4; lastKnownFileType = sourcecode.swift; path = Book.swift; sourceTree = "<group>"; };
		176A8D842920DCDE00651F3D /* NavigationStateManager.swift */ = {isa = PBXFileReference; fileEncoding = 4; lastKnownFileType = sourcecode.swift; path = NavigationStateManager.swift; sourceTree = "<group>"; };
		176A8D852920DCDE00651F3D /* ModelDataManager.swift */ = {isa = PBXFileReference; fileEncoding = 4; lastKnownFileType = sourcecode.swift; path = ModelDataManager.swift; sourceTree = "<group>"; };
		176A8D8A2920DD1C00651F3D /* BookDetailView.swift */ = {isa = PBXFileReference; fileEncoding = 4; lastKnownFileType = sourcecode.swift; path = BookDetailView.swift; sourceTree = "<group>"; };
		176A8D8B2920DD1C00651F3D /* SongDetailView.swift */ = {isa = PBXFileReference; fileEncoding = 4; lastKnownFileType = sourcecode.swift; path = SongDetailView.swift; sourceTree = "<group>"; };
		176A8D8C2920DD1C00651F3D /* SettingsView.swift */ = {isa = PBXFileReference; fileEncoding = 4; lastKnownFileType = sourcecode.swift; path = SettingsView.swift; sourceTree = "<group>"; };
		176A8D8D2920DD1C00651F3D /* MovieDetailView.swift */ = {isa = PBXFileReference; fileEncoding = 4; lastKnownFileType = sourcecode.swift; path = MovieDetailView.swift; sourceTree = "<group>"; };
		176A8D922920DD8E00651F3D /* SidebarView.swift */ = {isa = PBXFileReference; lastKnownFileType = sourcecode.swift; path = SidebarView.swift; sourceTree = "<group>"; };
		176A8D942920E0C300651F3D /* DetailView.swift */ = {isa = PBXFileReference; lastKnownFileType = sourcecode.swift; path = DetailView.swift; sourceTree = "<group>"; };
		176A8DDB2921150B00651F3D /* macos.png */ = {isa = PBXFileReference; lastKnownFileType = image.png; path = macos.png; sourceTree = "<group>"; };
		176A8DDD2921153C00651F3D /* iphone.gif */ = {isa = PBXFileReference; lastKnownFileType = image.gif; path = iphone.gif; sourceTree = "<group>"; };
		176A8DDF2921158E00651F3D /* ipad.gif */ = {isa = PBXFileReference; lastKnownFileType = image.gif; path = ipad.gif; sourceTree = "<group>"; };
/* End PBXFileReference section */

/* Begin PBXFrameworksBuildPhase section */
		176A8D672920DC2300651F3D /* Frameworks */ = {
			isa = PBXFrameworksBuildPhase;
			buildActionMask = 2147483647;
			files = (
			);
			runOnlyForDeploymentPostprocessing = 0;
		};
/* End PBXFrameworksBuildPhase section */

/* Begin PBXGroup section */
		176A8D612920DC2300651F3D = {
			isa = PBXGroup;
			children = (
				176A8DDA292114D500651F3D /* images */,
				176A8D6C2920DC2300651F3D /* DoubleColumnNavigationSplitProject */,
				176A8D6B2920DC2300651F3D /* Products */,
			);
			sourceTree = "<group>";
		};
		176A8D6B2920DC2300651F3D /* Products */ = {
			isa = PBXGroup;
			children = (
				176A8D6A2920DC2300651F3D /* DoubleColumnNavigationSplitProject.app */,
			);
			name = Products;
			sourceTree = "<group>";
		};
		176A8D6C2920DC2300651F3D /* DoubleColumnNavigationSplitProject */ = {
			isa = PBXGroup;
			children = (
				176A8D6D2920DC2300651F3D /* DoubleColumnNavigationSplitProjectApp.swift */,
				176A8D6F2920DC2300651F3D /* ContentView.swift */,
				176A8D712920DC2400651F3D /* Assets.xcassets */,
				176A8D882920DD0300651F3D /* view */,
				176A8D832920DCDE00651F3D /* view model */,
				176A8D7C2920DC6700651F3D /* model */,
				176A8D732920DC2400651F3D /* DoubleColumnNavigationSplitProject.entitlements */,
				176A8D742920DC2400651F3D /* Preview Content */,
			);
			path = DoubleColumnNavigationSplitProject;
			sourceTree = "<group>";
		};
		176A8D742920DC2400651F3D /* Preview Content */ = {
			isa = PBXGroup;
			children = (
				176A8D752920DC2400651F3D /* Preview Assets.xcassets */,
			);
			path = "Preview Content";
			sourceTree = "<group>";
		};
		176A8D7C2920DC6700651F3D /* model */ = {
			isa = PBXGroup;
			children = (
				176A8D7D2920DC6700651F3D /* Movie.swift */,
				176A8D7E2920DC6700651F3D /* Song.swift */,
				176A8D7F2920DC6700651F3D /* Book.swift */,
			);
			path = model;
			sourceTree = "<group>";
		};
		176A8D832920DCDE00651F3D /* view model */ = {
			isa = PBXGroup;
			children = (
				176A8D842920DCDE00651F3D /* NavigationStateManager.swift */,
				176A8D852920DCDE00651F3D /* ModelDataManager.swift */,
			);
			path = "view model";
			sourceTree = "<group>";
		};
		176A8D882920DD0300651F3D /* view */ = {
			isa = PBXGroup;
			children = (
				176A8D922920DD8E00651F3D /* SidebarView.swift */,
				176A8D892920DD0F00651F3D /* detail views */,
			);
			path = view;
			sourceTree = "<group>";
		};
		176A8D892920DD0F00651F3D /* detail views */ = {
			isa = PBXGroup;
			children = (
				176A8D8A2920DD1C00651F3D /* BookDetailView.swift */,
				176A8D8D2920DD1C00651F3D /* MovieDetailView.swift */,
				176A8D8C2920DD1C00651F3D /* SettingsView.swift */,
				176A8D8B2920DD1C00651F3D /* SongDetailView.swift */,
				176A8D942920E0C300651F3D /* DetailView.swift */,
			);
			path = "detail views";
			sourceTree = "<group>";
		};
		176A8DDA292114D500651F3D /* images */ = {
			isa = PBXGroup;
			children = (
				176A8DDB2921150B00651F3D /* macos.png */,
				176A8DDD2921153C00651F3D /* iphone.gif */,
				176A8DDF2921158E00651F3D /* ipad.gif */,
			);
			path = images;
			sourceTree = "<group>";
		};
/* End PBXGroup section */

/* Begin PBXNativeTarget section */
		176A8D692920DC2300651F3D /* DoubleColumnNavigationSplitProject */ = {
			isa = PBXNativeTarget;
			buildConfigurationList = 176A8D792920DC2400651F3D /* Build configuration list for PBXNativeTarget "DoubleColumnNavigationSplitProject" */;
			buildPhases = (
				176A8D662920DC2300651F3D /* Sources */,
				176A8D672920DC2300651F3D /* Frameworks */,
				176A8D682920DC2300651F3D /* Resources */,
			);
			buildRules = (
			);
			dependencies = (
			);
			name = DoubleColumnNavigationSplitProject;
			productName = DoubleColumnNavigationSplitProject;
			productReference = 176A8D6A2920DC2300651F3D /* DoubleColumnNavigationSplitProject.app */;
			productType = "com.apple.product-type.application";
		};
/* End PBXNativeTarget section */

/* Begin PBXProject section */
		176A8D622920DC2300651F3D /* Project object */ = {
			isa = PBXProject;
			attributes = {
				BuildIndependentTargetsInParallel = 1;
				LastSwiftUpdateCheck = 1410;
				LastUpgradeCheck = 1410;
				TargetAttributes = {
					176A8D692920DC2300651F3D = {
						CreatedOnToolsVersion = 14.1;
					};
				};
			};
			buildConfigurationList = 176A8D652920DC2300651F3D /* Build configuration list for PBXProject "DoubleColumnNavigationSplitProject" */;
			compatibilityVersion = "Xcode 14.0";
			developmentRegion = en;
			hasScannedForEncodings = 0;
			knownRegions = (
				en,
				Base,
			);
			mainGroup = 176A8D612920DC2300651F3D;
			productRefGroup = 176A8D6B2920DC2300651F3D /* Products */;
			projectDirPath = "";
			projectRoot = "";
			targets = (
				176A8D692920DC2300651F3D /* DoubleColumnNavigationSplitProject */,
			);
		};
/* End PBXProject section */

/* Begin PBXResourcesBuildPhase section */
		176A8D682920DC2300651F3D /* Resources */ = {
			isa = PBXResourcesBuildPhase;
			buildActionMask = 2147483647;
			files = (
				176A8DE02921158E00651F3D /* ipad.gif in Resources */,
				176A8DDC2921150B00651F3D /* macos.png in Resources */,
				176A8DDE2921153C00651F3D /* iphone.gif in Resources */,
				176A8D762920DC2400651F3D /* Preview Assets.xcassets in Resources */,
				176A8D722920DC2400651F3D /* Assets.xcassets in Resources */,
			);
			runOnlyForDeploymentPostprocessing = 0;
		};
/* End PBXResourcesBuildPhase section */

/* Begin PBXSourcesBuildPhase section */
		176A8D662920DC2300651F3D /* Sources */ = {
			isa = PBXSourcesBuildPhase;
			buildActionMask = 2147483647;
			files = (
				176A8D8E2920DD1C00651F3D /* BookDetailView.swift in Sources */,
				176A8D812920DC6700651F3D /* Song.swift in Sources */,
				176A8D702920DC2300651F3D /* ContentView.swift in Sources */,
				176A8D6E2920DC2300651F3D /* DoubleColumnNavigationSplitProjectApp.swift in Sources */,
				176A8D8F2920DD1C00651F3D /* SongDetailView.swift in Sources */,
				176A8D932920DD8E00651F3D /* SidebarView.swift in Sources */,
				176A8D902920DD1C00651F3D /* SettingsView.swift in Sources */,
				176A8D952920E0C300651F3D /* DetailView.swift in Sources */,
				176A8D822920DC6700651F3D /* Book.swift in Sources */,
				176A8D872920DCDE00651F3D /* ModelDataManager.swift in Sources */,
				176A8D802920DC6700651F3D /* Movie.swift in Sources */,
				176A8D862920DCDE00651F3D /* NavigationStateManager.swift in Sources */,
				176A8D912920DD1C00651F3D /* MovieDetailView.swift in Sources */,
			);
			runOnlyForDeploymentPostprocessing = 0;
		};
/* End PBXSourcesBuildPhase section */

/* Begin XCBuildConfiguration section */
		176A8D772920DC2400651F3D /* Debug */ = {
			isa = XCBuildConfiguration;
			buildSettings = {
				ALWAYS_SEARCH_USER_PATHS = NO;
				CLANG_ANALYZER_NONNULL = YES;
				CLANG_ANALYZER_NUMBER_OBJECT_CONVERSION = YES_AGGRESSIVE;
				CLANG_CXX_LANGUAGE_STANDARD = "gnu++20";
				CLANG_ENABLE_MODULES = YES;
				CLANG_ENABLE_OBJC_ARC = YES;
				CLANG_ENABLE_OBJC_WEAK = YES;
				CLANG_WARN_BLOCK_CAPTURE_AUTORELEASING = YES;
				CLANG_WARN_BOOL_CONVERSION = YES;
				CLANG_WARN_COMMA = YES;
				CLANG_WARN_CONSTANT_CONVERSION = YES;
				CLANG_WARN_DEPRECATED_OBJC_IMPLEMENTATIONS = YES;
				CLANG_WARN_DIRECT_OBJC_ISA_USAGE = YES_ERROR;
				CLANG_WARN_DOCUMENTATION_COMMENTS = YES;
				CLANG_WARN_EMPTY_BODY = YES;
				CLANG_WARN_ENUM_CONVERSION = YES;
				CLANG_WARN_INFINITE_RECURSION = YES;
				CLANG_WARN_INT_CONVERSION = YES;
				CLANG_WARN_NON_LITERAL_NULL_CONVERSION = YES;
				CLANG_WARN_OBJC_IMPLICIT_RETAIN_SELF = YES;
				CLANG_WARN_OBJC_LITERAL_CONVERSION = YES;
				CLANG_WARN_OBJC_ROOT_CLASS = YES_ERROR;
				CLANG_WARN_QUOTED_INCLUDE_IN_FRAMEWORK_HEADER = YES;
				CLANG_WARN_RANGE_LOOP_ANALYSIS = YES;
				CLANG_WARN_STRICT_PROTOTYPES = YES;
				CLANG_WARN_SUSPICIOUS_MOVE = YES;
				CLANG_WARN_UNGUARDED_AVAILABILITY = YES_AGGRESSIVE;
				CLANG_WARN_UNREACHABLE_CODE = YES;
				CLANG_WARN__DUPLICATE_METHOD_MATCH = YES;
				COPY_PHASE_STRIP = NO;
				DEBUG_INFORMATION_FORMAT = dwarf;
				ENABLE_STRICT_OBJC_MSGSEND = YES;
				ENABLE_TESTABILITY = YES;
				GCC_C_LANGUAGE_STANDARD = gnu11;
				GCC_DYNAMIC_NO_PIC = NO;
				GCC_NO_COMMON_BLOCKS = YES;
				GCC_OPTIMIZATION_LEVEL = 0;
				GCC_PREPROCESSOR_DEFINITIONS = (
					"DEBUG=1",
					"$(inherited)",
				);
				GCC_WARN_64_TO_32_BIT_CONVERSION = YES;
				GCC_WARN_ABOUT_RETURN_TYPE = YES_ERROR;
				GCC_WARN_UNDECLARED_SELECTOR = YES;
				GCC_WARN_UNINITIALIZED_AUTOS = YES_AGGRESSIVE;
				GCC_WARN_UNUSED_FUNCTION = YES;
				GCC_WARN_UNUSED_VARIABLE = YES;
				MTL_ENABLE_DEBUG_INFO = INCLUDE_SOURCE;
				MTL_FAST_MATH = YES;
				ONLY_ACTIVE_ARCH = YES;
				SWIFT_ACTIVE_COMPILATION_CONDITIONS = DEBUG;
				SWIFT_OPTIMIZATION_LEVEL = "-Onone";
			};
			name = Debug;
		};
		176A8D782920DC2400651F3D /* Release */ = {
			isa = XCBuildConfiguration;
			buildSettings = {
				ALWAYS_SEARCH_USER_PATHS = NO;
				CLANG_ANALYZER_NONNULL = YES;
				CLANG_ANALYZER_NUMBER_OBJECT_CONVERSION = YES_AGGRESSIVE;
				CLANG_CXX_LANGUAGE_STANDARD = "gnu++20";
				CLANG_ENABLE_MODULES = YES;
				CLANG_ENABLE_OBJC_ARC = YES;
				CLANG_ENABLE_OBJC_WEAK = YES;
				CLANG_WARN_BLOCK_CAPTURE_AUTORELEASING = YES;
				CLANG_WARN_BOOL_CONVERSION = YES;
				CLANG_WARN_COMMA = YES;
				CLANG_WARN_CONSTANT_CONVERSION = YES;
				CLANG_WARN_DEPRECATED_OBJC_IMPLEMENTATIONS = YES;
				CLANG_WARN_DIRECT_OBJC_ISA_USAGE = YES_ERROR;
				CLANG_WARN_DOCUMENTATION_COMMENTS = YES;
				CLANG_WARN_EMPTY_BODY = YES;
				CLANG_WARN_ENUM_CONVERSION = YES;
				CLANG_WARN_INFINITE_RECURSION = YES;
				CLANG_WARN_INT_CONVERSION = YES;
				CLANG_WARN_NON_LITERAL_NULL_CONVERSION = YES;
				CLANG_WARN_OBJC_IMPLICIT_RETAIN_SELF = YES;
				CLANG_WARN_OBJC_LITERAL_CONVERSION = YES;
				CLANG_WARN_OBJC_ROOT_CLASS = YES_ERROR;
				CLANG_WARN_QUOTED_INCLUDE_IN_FRAMEWORK_HEADER = YES;
				CLANG_WARN_RANGE_LOOP_ANALYSIS = YES;
				CLANG_WARN_STRICT_PROTOTYPES = YES;
				CLANG_WARN_SUSPICIOUS_MOVE = YES;
				CLANG_WARN_UNGUARDED_AVAILABILITY = YES_AGGRESSIVE;
				CLANG_WARN_UNREACHABLE_CODE = YES;
				CLANG_WARN__DUPLICATE_METHOD_MATCH = YES;
				COPY_PHASE_STRIP = NO;
				DEBUG_INFORMATION_FORMAT = "dwarf-with-dsym";
				ENABLE_NS_ASSERTIONS = NO;
				ENABLE_STRICT_OBJC_MSGSEND = YES;
				GCC_C_LANGUAGE_STANDARD = gnu11;
				GCC_NO_COMMON_BLOCKS = YES;
				GCC_WARN_64_TO_32_BIT_CONVERSION = YES;
				GCC_WARN_ABOUT_RETURN_TYPE = YES_ERROR;
				GCC_WARN_UNDECLARED_SELECTOR = YES;
				GCC_WARN_UNINITIALIZED_AUTOS = YES_AGGRESSIVE;
				GCC_WARN_UNUSED_FUNCTION = YES;
				GCC_WARN_UNUSED_VARIABLE = YES;
				MTL_ENABLE_DEBUG_INFO = NO;
				MTL_FAST_MATH = YES;
				SWIFT_COMPILATION_MODE = wholemodule;
				SWIFT_OPTIMIZATION_LEVEL = "-O";
			};
			name = Release;
		};
		176A8D7A2920DC2400651F3D /* Debug */ = {
			isa = XCBuildConfiguration;
			buildSettings = {
				ASSETCATALOG_COMPILER_APPICON_NAME = AppIcon;
				ASSETCATALOG_COMPILER_GLOBAL_ACCENT_COLOR_NAME = AccentColor;
				CODE_SIGN_ENTITLEMENTS = DoubleColumnNavigationSplitProject/DoubleColumnNavigationSplitProject.entitlements;
				CODE_SIGN_STYLE = Automatic;
				CURRENT_PROJECT_VERSION = 1;
				DEVELOPMENT_ASSET_PATHS = "\"DoubleColumnNavigationSplitProject/Preview Content\"";
				DEVELOPMENT_TEAM = 54YLWD89Z8;
				ENABLE_HARDENED_RUNTIME = YES;
				ENABLE_PREVIEWS = YES;
				GENERATE_INFOPLIST_FILE = YES;
				"INFOPLIST_KEY_UIApplicationSceneManifest_Generation[sdk=iphoneos*]" = YES;
				"INFOPLIST_KEY_UIApplicationSceneManifest_Generation[sdk=iphonesimulator*]" = YES;
				"INFOPLIST_KEY_UIApplicationSupportsIndirectInputEvents[sdk=iphoneos*]" = YES;
				"INFOPLIST_KEY_UIApplicationSupportsIndirectInputEvents[sdk=iphonesimulator*]" = YES;
				"INFOPLIST_KEY_UILaunchScreen_Generation[sdk=iphoneos*]" = YES;
				"INFOPLIST_KEY_UILaunchScreen_Generation[sdk=iphonesimulator*]" = YES;
				"INFOPLIST_KEY_UIStatusBarStyle[sdk=iphoneos*]" = UIStatusBarStyleDefault;
				"INFOPLIST_KEY_UIStatusBarStyle[sdk=iphonesimulator*]" = UIStatusBarStyleDefault;
				INFOPLIST_KEY_UISupportedInterfaceOrientations_iPad = "UIInterfaceOrientationPortrait UIInterfaceOrientationPortraitUpsideDown UIInterfaceOrientationLandscapeLeft UIInterfaceOrientationLandscapeRight";
				INFOPLIST_KEY_UISupportedInterfaceOrientations_iPhone = "UIInterfaceOrientationPortrait UIInterfaceOrientationLandscapeLeft UIInterfaceOrientationLandscapeRight";
				IPHONEOS_DEPLOYMENT_TARGET = 16.1;
				LD_RUNPATH_SEARCH_PATHS = "@executable_path/Frameworks";
				"LD_RUNPATH_SEARCH_PATHS[sdk=macosx*]" = "@executable_path/../Frameworks";
				MACOSX_DEPLOYMENT_TARGET = 13.0;
				MARKETING_VERSION = 1.0;
				PRODUCT_BUNDLE_IDENTIFIER = com.karinprater.DoubleColumnNavigationSplitProject;
				PRODUCT_NAME = "$(TARGET_NAME)";
				SDKROOT = auto;
				SUPPORTED_PLATFORMS = "iphoneos iphonesimulator macosx";
				SWIFT_EMIT_LOC_STRINGS = YES;
				SWIFT_VERSION = 5.0;
				TARGETED_DEVICE_FAMILY = "1,2";
			};
			name = Debug;
		};
		176A8D7B2920DC2400651F3D /* Release */ = {
			isa = XCBuildConfiguration;
			buildSettings = {
				ASSETCATALOG_COMPILER_APPICON_NAME = AppIcon;
				ASSETCATALOG_COMPILER_GLOBAL_ACCENT_COLOR_NAME = AccentColor;
				CODE_SIGN_ENTITLEMENTS = DoubleColumnNavigationSplitProject/DoubleColumnNavigationSplitProject.entitlements;
				CODE_SIGN_STYLE = Automatic;
				CURRENT_PROJECT_VERSION = 1;
				DEVELOPMENT_ASSET_PATHS = "\"DoubleColumnNavigationSplitProject/Preview Content\"";
				DEVELOPMENT_TEAM = 54YLWD89Z8;
				ENABLE_HARDENED_RUNTIME = YES;
				ENABLE_PREVIEWS = YES;
				GENERATE_INFOPLIST_FILE = YES;
				"INFOPLIST_KEY_UIApplicationSceneManifest_Generation[sdk=iphoneos*]" = YES;
				"INFOPLIST_KEY_UIApplicationSceneManifest_Generation[sdk=iphonesimulator*]" = YES;
				"INFOPLIST_KEY_UIApplicationSupportsIndirectInputEvents[sdk=iphoneos*]" = YES;
				"INFOPLIST_KEY_UIApplicationSupportsIndirectInputEvents[sdk=iphonesimulator*]" = YES;
				"INFOPLIST_KEY_UILaunchScreen_Generation[sdk=iphoneos*]" = YES;
				"INFOPLIST_KEY_UILaunchScreen_Generation[sdk=iphonesimulator*]" = YES;
				"INFOPLIST_KEY_UIStatusBarStyle[sdk=iphoneos*]" = UIStatusBarStyleDefault;
				"INFOPLIST_KEY_UIStatusBarStyle[sdk=iphonesimulator*]" = UIStatusBarStyleDefault;
				INFOPLIST_KEY_UISupportedInterfaceOrientations_iPad = "UIInterfaceOrientationPortrait UIInterfaceOrientationPortraitUpsideDown UIInterfaceOrientationLandscapeLeft UIInterfaceOrientationLandscapeRight";
				INFOPLIST_KEY_UISupportedInterfaceOrientations_iPhone = "UIInterfaceOrientationPortrait UIInterfaceOrientationLandscapeLeft UIInterfaceOrientationLandscapeRight";
				IPHONEOS_DEPLOYMENT_TARGET = 16.1;
				LD_RUNPATH_SEARCH_PATHS = "@executable_path/Frameworks";
				"LD_RUNPATH_SEARCH_PATHS[sdk=macosx*]" = "@executable_path/../Frameworks";
				MACOSX_DEPLOYMENT_TARGET = 13.0;
				MARKETING_VERSION = 1.0;
				PRODUCT_BUNDLE_IDENTIFIER = com.karinprater.DoubleColumnNavigationSplitProject;
				PRODUCT_NAME = "$(TARGET_NAME)";
				SDKROOT = auto;
				SUPPORTED_PLATFORMS = "iphoneos iphonesimulator macosx";
				SWIFT_EMIT_LOC_STRINGS = YES;
				SWIFT_VERSION = 5.0;
				TARGETED_DEVICE_FAMILY = "1,2";
			};
			name = Release;
		};
/* End XCBuildConfiguration section */

/* Begin XCConfigurationList section */
		176A8D652920DC2300651F3D /* Build configuration list for PBXProject "DoubleColumnNavigationSplitProject" */ = {
			isa = XCConfigurationList;
			buildConfigurations = (
				176A8D772920DC2400651F3D /* Debug */,
				176A8D782920DC2400651F3D /* Release */,
			);
			defaultConfigurationIsVisible = 0;
			defaultConfigurationName = Release;
		};
		176A8D792920DC2400651F3D /* Build configuration list for PBXNativeTarget "DoubleColumnNavigationSplitProject" */ = {
			isa = XCConfigurationList;
			buildConfigurations = (
				176A8D7A2920DC2400651F3D /* Debug */,
				176A8D7B2920DC2400651F3D /* Release */,
			);
			defaultConfigurationIsVisible = 0;
			defaultConfigurationName = Release;
		};
/* End XCConfigurationList section */
	};
	rootObject = 176A8D622920DC2300651F3D /* Project object */;
}
